// !$*UTF8*$!
{
	archiveVersion = 1;
	classes = {
	};
	objectVersion = 56;
	objects = {

/* Begin PBXBuildFile section */
		60954E7D2AE137CF000ED23A /* AppDelegate.swift in Sources */ = {isa = PBXBuildFile; fileRef = 60954E7C2AE137CF000ED23A /* AppDelegate.swift */; };
		60954E7F2AE137CF000ED23A /* SceneDelegate.swift in Sources */ = {isa = PBXBuildFile; fileRef = 60954E7E2AE137CF000ED23A /* SceneDelegate.swift */; };
		60954E862AE137D1000ED23A /* Assets.xcassets in Resources */ = {isa = PBXBuildFile; fileRef = 60954E852AE137D1000ED23A /* Assets.xcassets */; };
		60954E892AE137D1000ED23A /* LaunchScreen.storyboard in Resources */ = {isa = PBXBuildFile; fileRef = 60954E872AE137D1000ED23A /* LaunchScreen.storyboard */; };
		60954E912AE138C0000ED23A /* RootViewController.swift in Sources */ = {isa = PBXBuildFile; fileRef = 60954E902AE138C0000ED23A /* RootViewController.swift */; };
		60954E942AE13910000ED23A /* TimerControl in Frameworks */ = {isa = PBXBuildFile; productRef = 60954E932AE13910000ED23A /* TimerControl */; };
		60A32B242AE15CF700C96808 /* SRCountdownTimer.swift in Sources */ = {isa = PBXBuildFile; fileRef = 60A32B232AE15CF700C96808 /* SRCountdownTimer.swift */; };
/* End PBXBuildFile section */

/* Begin PBXFileReference section */
		60954E792AE137CF000ED23A /* CountdownTimerDemo.app */ = {isa = PBXFileReference; explicitFileType = wrapper.application; includeInIndex = 0; path = CountdownTimerDemo.app; sourceTree = BUILT_PRODUCTS_DIR; };
		60954E7C2AE137CF000ED23A /* AppDelegate.swift */ = {isa = PBXFileReference; lastKnownFileType = sourcecode.swift; path = AppDelegate.swift; sourceTree = "<group>"; };
		60954E7E2AE137CF000ED23A /* SceneDelegate.swift */ = {isa = PBXFileReference; lastKnownFileType = sourcecode.swift; path = SceneDelegate.swift; sourceTree = "<group>"; };
		60954E852AE137D1000ED23A /* Assets.xcassets */ = {isa = PBXFileReference; lastKnownFileType = folder.assetcatalog; path = Assets.xcassets; sourceTree = "<group>"; };
		60954E882AE137D1000ED23A /* Base */ = {isa = PBXFileReference; lastKnownFileType = file.storyboard; name = Base; path = Base.lproj/LaunchScreen.storyboard; sourceTree = "<group>"; };
		60954E8A2AE137D1000ED23A /* Info.plist */ = {isa = PBXFileReference; lastKnownFileType = text.plist.xml; path = Info.plist; sourceTree = "<group>"; };
		60954E902AE138C0000ED23A /* RootViewController.swift */ = {isa = PBXFileReference; lastKnownFileType = sourcecode.swift; path = RootViewController.swift; sourceTree = "<group>"; };
		60A32B232AE15CF700C96808 /* SRCountdownTimer.swift */ = {isa = PBXFileReference; lastKnownFileType = sourcecode.swift; path = SRCountdownTimer.swift; sourceTree = "<group>"; };
/* End PBXFileReference section */

/* Begin PBXFrameworksBuildPhase section */
		60954E762AE137CF000ED23A /* Frameworks */ = {
			isa = PBXFrameworksBuildPhase;
			buildActionMask = 2147483647;
			files = (
				60954E942AE13910000ED23A /* TimerControl in Frameworks */,
			);
			runOnlyForDeploymentPostprocessing = 0;
		};
/* End PBXFrameworksBuildPhase section */

/* Begin PBXGroup section */
		60954E702AE137CF000ED23A = {
			isa = PBXGroup;
			children = (
				60954E7B2AE137CF000ED23A /* CountdownTimerDemo */,
				60954E7A2AE137CF000ED23A /* Products */,
			);
			sourceTree = "<group>";
		};
		60954E7A2AE137CF000ED23A /* Products */ = {
			isa = PBXGroup;
			children = (
				60954E792AE137CF000ED23A /* CountdownTimerDemo.app */,
			);
			name = Products;
			sourceTree = "<group>";
		};
		60954E7B2AE137CF000ED23A /* CountdownTimerDemo */ = {
			isa = PBXGroup;
			children = (
				60954E7C2AE137CF000ED23A /* AppDelegate.swift */,
				60954E7E2AE137CF000ED23A /* SceneDelegate.swift */,
				60954E902AE138C0000ED23A /* RootViewController.swift */,
				60954E852AE137D1000ED23A /* Assets.xcassets */,
				60954E872AE137D1000ED23A /* LaunchScreen.storyboard */,
				60954E8A2AE137D1000ED23A /* Info.plist */,
				60A32B232AE15CF700C96808 /* SRCountdownTimer.swift */,
			);
			path = CountdownTimerDemo;
			sourceTree = "<group>";
		};
/* End PBXGroup section */

/* Begin PBXNativeTarget section */
		60954E782AE137CF000ED23A /* CountdownTimerDemo */ = {
			isa = PBXNativeTarget;
			buildConfigurationList = 60954E8D2AE137D1000ED23A /* Build configuration list for PBXNativeTarget "CountdownTimerDemo" */;
			buildPhases = (
				60954E752AE137CF000ED23A /* Sources */,
				60954E762AE137CF000ED23A /* Frameworks */,
				60954E772AE137CF000ED23A /* Resources */,
			);
			buildRules = (
			);
			dependencies = (
			);
			name = CountdownTimerDemo;
			packageProductDependencies = (
				60954E932AE13910000ED23A /* TimerControl */,
			);
			productName = CountdownTimerDemo;
			productReference = 60954E792AE137CF000ED23A /* CountdownTimerDemo.app */;
			productType = "com.apple.product-type.application";
		};
/* End PBXNativeTarget section */

/* Begin PBXProject section */
		60954E712AE137CF000ED23A /* Project object */ = {
			isa = PBXProject;
			attributes = {
				BuildIndependentTargetsInParallel = 1;
				LastSwiftUpdateCheck = 1500;
				LastUpgradeCheck = 1500;
				TargetAttributes = {
					60954E782AE137CF000ED23A = {
						CreatedOnToolsVersion = 15.0;
					};
				};
			};
			buildConfigurationList = 60954E742AE137CF000ED23A /* Build configuration list for PBXProject "CountdownTimerDemo" */;
			compatibilityVersion = "Xcode 14.0";
			developmentRegion = en;
			hasScannedForEncodings = 0;
			knownRegions = (
				en,
				Base,
			);
			mainGroup = 60954E702AE137CF000ED23A;
			packageReferences = (
				60954E922AE13910000ED23A /* XCRemoteSwiftPackageReference "TimerControl" */,
			);
			productRefGroup = 60954E7A2AE137CF000ED23A /* Products */;
			projectDirPath = "";
			projectRoot = "";
			targets = (
				60954E782AE137CF000ED23A /* CountdownTimerDemo */,
			);
		};
/* End PBXProject section */

/* Begin PBXResourcesBuildPhase section */
		60954E772AE137CF000ED23A /* Resources */ = {
			isa = PBXResourcesBuildPhase;
			buildActionMask = 2147483647;
			files = (
				60954E892AE137D1000ED23A /* LaunchScreen.storyboard in Resources */,
				60954E862AE137D1000ED23A /* Assets.xcassets in Resources */,
			);
			runOnlyForDeploymentPostprocessing = 0;
		};
/* End PBXResourcesBuildPhase section */

/* Begin PBXSourcesBuildPhase section */
		60954E752AE137CF000ED23A /* Sources */ = {
			isa = PBXSourcesBuildPhase;
			buildActionMask = 2147483647;
			files = (
				60A32B242AE15CF700C96808 /* SRCountdownTimer.swift in Sources */,
				60954E7D2AE137CF000ED23A /* AppDelegate.swift in Sources */,
				60954E7F2AE137CF000ED23A /* SceneDelegate.swift in Sources */,
				60954E912AE138C0000ED23A /* RootViewController.swift in Sources */,
			);
			runOnlyForDeploymentPostprocessing = 0;
		};
/* End PBXSourcesBuildPhase section */

/* Begin PBXVariantGroup section */
		60954E872AE137D1000ED23A /* LaunchScreen.storyboard */ = {
			isa = PBXVariantGroup;
			children = (
				60954E882AE137D1000ED23A /* Base */,
			);
			name = LaunchScreen.storyboard;
			sourceTree = "<group>";
		};
/* End PBXVariantGroup section */

/* Begin XCBuildConfiguration section */
		60954E8B2AE137D1000ED23A /* Debug */ = {
			isa = XCBuildConfiguration;
			buildSettings = {
				ALWAYS_SEARCH_USER_PATHS = NO;
				ASSETCATALOG_COMPILER_GENERATE_SWIFT_ASSET_SYMBOL_EXTENSIONS = YES;
				CLANG_ANALYZER_NONNULL = YES;
				CLANG_ANALYZER_NUMBER_OBJECT_CONVERSION = YES_AGGRESSIVE;
				CLANG_CXX_LANGUAGE_STANDARD = "gnu++20";
				CLANG_ENABLE_MODULES = YES;
				CLANG_ENABLE_OBJC_ARC = YES;
				CLANG_ENABLE_OBJC_WEAK = YES;
				CLANG_WARN_BLOCK_CAPTURE_AUTORELEASING = YES;
				CLANG_WARN_BOOL_CONVERSION = YES;
				CLANG_WARN_COMMA = YES;
				CLANG_WARN_CONSTANT_CONVERSION = YES;
				CLANG_WARN_DEPRECATED_OBJC_IMPLEMENTATIONS = YES;
				CLANG_WARN_DIRECT_OBJC_ISA_USAGE = YES_ERROR;
				CLANG_WARN_DOCUMENTATION_COMMENTS = YES;
				CLANG_WARN_EMPTY_BODY = YES;
				CLANG_WARN_ENUM_CONVERSION = YES;
				CLANG_WARN_INFINITE_RECURSION = YES;
				CLANG_WARN_INT_CONVERSION = YES;
				CLANG_WARN_NON_LITERAL_NULL_CONVERSION = YES;
				CLANG_WARN_OBJC_IMPLICIT_RETAIN_SELF = YES;
				CLANG_WARN_OBJC_LITERAL_CONVERSION = YES;
				CLANG_WARN_OBJC_ROOT_CLASS = YES_ERROR;
				CLANG_WARN_QUOTED_INCLUDE_IN_FRAMEWORK_HEADER = YES;
				CLANG_WARN_RANGE_LOOP_ANALYSIS = YES;
				CLANG_WARN_STRICT_PROTOTYPES = YES;
				CLANG_WARN_SUSPICIOUS_MOVE = YES;
				CLANG_WARN_UNGUARDED_AVAILABILITY = YES_AGGRESSIVE;
				CLANG_WARN_UNREACHABLE_CODE = YES;
				CLANG_WARN__DUPLICATE_METHOD_MATCH = YES;
				COPY_PHASE_STRIP = NO;
				DEBUG_INFORMATION_FORMAT = dwarf;
				ENABLE_STRICT_OBJC_MSGSEND = YES;
				ENABLE_TESTABILITY = YES;
				ENABLE_USER_SCRIPT_SANDBOXING = YES;
				GCC_C_LANGUAGE_STANDARD = gnu17;
				GCC_DYNAMIC_NO_PIC = NO;
				GCC_NO_COMMON_BLOCKS = YES;
				GCC_OPTIMIZATION_LEVEL = 0;
				GCC_PREPROCESSOR_DEFINITIONS = (
					"DEBUG=1",
					"$(inherited)",
				);
				GCC_WARN_64_TO_32_BIT_CONVERSION = YES;
				GCC_WARN_ABOUT_RETURN_TYPE = YES_ERROR;
				GCC_WARN_UNDECLARED_SELECTOR = YES;
				GCC_WARN_UNINITIALIZED_AUTOS = YES_AGGRESSIVE;
				GCC_WARN_UNUSED_FUNCTION = YES;
				GCC_WARN_UNUSED_VARIABLE = YES;
				IPHONEOS_DEPLOYMENT_TARGET = 15.0;
				LOCALIZATION_PREFERS_STRING_CATALOGS = YES;
				MTL_ENABLE_DEBUG_INFO = INCLUDE_SOURCE;
				MTL_FAST_MATH = YES;
				ONLY_ACTIVE_ARCH = YES;
				SDKROOT = iphoneos;
				SWIFT_ACTIVE_COMPILATION_CONDITIONS = "DEBUG $(inherited)";
				SWIFT_OPTIMIZATION_LEVEL = "-Onone";
			};
			name = Debug;
		};
		60954E8C2AE137D1000ED23A /* Release */ = {
			isa = XCBuildConfiguration;
			buildSettings = {
				ALWAYS_SEARCH_USER_PATHS = NO;
				ASSETCATALOG_COMPILER_GENERATE_SWIFT_ASSET_SYMBOL_EXTENSIONS = YES;
				CLANG_ANALYZER_NONNULL = YES;
				CLANG_ANALYZER_NUMBER_OBJECT_CONVERSION = YES_AGGRESSIVE;
				CLANG_CXX_LANGUAGE_STANDARD = "gnu++20";
				CLANG_ENABLE_MODULES = YES;
				CLANG_ENABLE_OBJC_ARC = YES;
				CLANG_ENABLE_OBJC_WEAK = YES;
				CLANG_WARN_BLOCK_CAPTURE_AUTORELEASING = YES;
				CLANG_WARN_BOOL_CONVERSION = YES;
				CLANG_WARN_COMMA = YES;
				CLANG_WARN_CONSTANT_CONVERSION = YES;
				CLANG_WARN_DEPRECATED_OBJC_IMPLEMENTATIONS = YES;
				CLANG_WARN_DIRECT_OBJC_ISA_USAGE = YES_ERROR;
				CLANG_WARN_DOCUMENTATION_COMMENTS = YES;
				CLANG_WARN_EMPTY_BODY = YES;
				CLANG_WARN_ENUM_CONVERSION = YES;
				CLANG_WARN_INFINITE_RECURSION = YES;
				CLANG_WARN_INT_CONVERSION = YES;
				CLANG_WARN_NON_LITERAL_NULL_CONVERSION = YES;
				CLANG_WARN_OBJC_IMPLICIT_RETAIN_SELF = YES;
				CLANG_WARN_OBJC_LITERAL_CONVERSION = YES;
				CLANG_WARN_OBJC_ROOT_CLASS = YES_ERROR;
				CLANG_WARN_QUOTED_INCLUDE_IN_FRAMEWORK_HEADER = YES;
				CLANG_WARN_RANGE_LOOP_ANALYSIS = YES;
				CLANG_WARN_STRICT_PROTOTYPES = YES;
				CLANG_WARN_SUSPICIOUS_MOVE = YES;
				CLANG_WARN_UNGUARDED_AVAILABILITY = YES_AGGRESSIVE;
				CLANG_WARN_UNREACHABLE_CODE = YES;
				CLANG_WARN__DUPLICATE_METHOD_MATCH = YES;
				COPY_PHASE_STRIP = NO;
				DEBUG_INFORMATION_FORMAT = "dwarf-with-dsym";
				ENABLE_NS_ASSERTIONS = NO;
				ENABLE_STRICT_OBJC_MSGSEND = YES;
				ENABLE_USER_SCRIPT_SANDBOXING = YES;
				GCC_C_LANGUAGE_STANDARD = gnu17;
				GCC_NO_COMMON_BLOCKS = YES;
				GCC_WARN_64_TO_32_BIT_CONVERSION = YES;
				GCC_WARN_ABOUT_RETURN_TYPE = YES_ERROR;
				GCC_WARN_UNDECLARED_SELECTOR = YES;
				GCC_WARN_UNINITIALIZED_AUTOS = YES_AGGRESSIVE;
				GCC_WARN_UNUSED_FUNCTION = YES;
				GCC_WARN_UNUSED_VARIABLE = YES;
				IPHONEOS_DEPLOYMENT_TARGET = 15.0;
				LOCALIZATION_PREFERS_STRING_CATALOGS = YES;
				MTL_ENABLE_DEBUG_INFO = NO;
				MTL_FAST_MATH = YES;
				SDKROOT = iphoneos;
				SWIFT_COMPILATION_MODE = wholemodule;
				VALIDATE_PRODUCT = YES;
			};
			name = Release;
		};
		60954E8E2AE137D1000ED23A /* Debug */ = {
			isa = XCBuildConfiguration;
			buildSettings = {
				ASSETCATALOG_COMPILER_APPICON_NAME = AppIcon;
				ASSETCATALOG_COMPILER_GLOBAL_ACCENT_COLOR_NAME = AccentColor;
				CODE_SIGN_STYLE = Automatic;
				CURRENT_PROJECT_VERSION = 1;
				DEVELOPMENT_TEAM = F593KS8NB6;
				GENERATE_INFOPLIST_FILE = YES;
				INFOPLIST_FILE = CountdownTimerDemo/Info.plist;
				INFOPLIST_KEY_UIApplicationSupportsIndirectInputEvents = YES;
				INFOPLIST_KEY_UILaunchStoryboardName = LaunchScreen;
				INFOPLIST_KEY_UISupportedInterfaceOrientations_iPad = "UIInterfaceOrientationPortrait UIInterfaceOrientationPortraitUpsideDown UIInterfaceOrientationLandscapeLeft UIInterfaceOrientationLandscapeRight";
				INFOPLIST_KEY_UISupportedInterfaceOrientations_iPhone = "UIInterfaceOrientationPortrait UIInterfaceOrientationLandscapeLeft UIInterfaceOrientationLandscapeRight";
				LD_RUNPATH_SEARCH_PATHS = (
					"$(inherited)",
					"@executable_path/Frameworks",
				);
				MARKETING_VERSION = 1.0;
				PRODUCT_BUNDLE_IDENTIFIER = in.yashtak.CountdownTimerDemo;
				PRODUCT_NAME = "$(TARGET_NAME)";
				SWIFT_EMIT_LOC_STRINGS = YES;
				SWIFT_VERSION = 5.0;
				TARGETED_DEVICE_FAMILY = "1,2";
			};
			name = Debug;
		};
		60954E8F2AE137D1000ED23A /* Release */ = {
			isa = XCBuildConfiguration;
			buildSettings = {
				ASSETCATALOG_COMPILER_APPICON_NAME = AppIcon;
				ASSETCATALOG_COMPILER_GLOBAL_ACCENT_COLOR_NAME = AccentColor;
				CODE_SIGN_STYLE = Automatic;
				CURRENT_PROJECT_VERSION = 1;
				DEVELOPMENT_TEAM = F593KS8NB6;
				GENERATE_INFOPLIST_FILE = YES;
				INFOPLIST_FILE = CountdownTimerDemo/Info.plist;
				INFOPLIST_KEY_UIApplicationSupportsIndirectInputEvents = YES;
				INFOPLIST_KEY_UILaunchStoryboardName = LaunchScreen;
				INFOPLIST_KEY_UISupportedInterfaceOrientations_iPad = "UIInterfaceOrientationPortrait UIInterfaceOrientationPortraitUpsideDown UIInterfaceOrientationLandscapeLeft UIInterfaceOrientationLandscapeRight";
				INFOPLIST_KEY_UISupportedInterfaceOrientations_iPhone = "UIInterfaceOrientationPortrait UIInterfaceOrientationLandscapeLeft UIInterfaceOrientationLandscapeRight";
				LD_RUNPATH_SEARCH_PATHS = (
					"$(inherited)",
					"@executable_path/Frameworks",
				);
				MARKETING_VERSION = 1.0;
				PRODUCT_BUNDLE_IDENTIFIER = in.yashtak.CountdownTimerDemo;
				PRODUCT_NAME = "$(TARGET_NAME)";
				SWIFT_EMIT_LOC_STRINGS = YES;
				SWIFT_VERSION = 5.0;
				TARGETED_DEVICE_FAMILY = "1,2";
			};
			name = Release;
		};
/* End XCBuildConfiguration section */

/* Begin XCConfigurationList section */
		60954E742AE137CF000ED23A /* Build configuration list for PBXProject "CountdownTimerDemo" */ = {
			isa = XCConfigurationList;
			buildConfigurations = (
				60954E8B2AE137D1000ED23A /* Debug */,
				60954E8C2AE137D1000ED23A /* Release */,
			);
			defaultConfigurationIsVisible = 0;
			defaultConfigurationName = Release;
		};
		60954E8D2AE137D1000ED23A /* Build configuration list for PBXNativeTarget "CountdownTimerDemo" */ = {
			isa = XCConfigurationList;
			buildConfigurations = (
				60954E8E2AE137D1000ED23A /* Debug */,
				60954E8F2AE137D1000ED23A /* Release */,
			);
			defaultConfigurationIsVisible = 0;
			defaultConfigurationName = Release;
		};
/* End XCConfigurationList section */

/* Begin XCRemoteSwiftPackageReference section */
		60954E922AE13910000ED23A /* XCRemoteSwiftPackageReference "TimerControl" */ = {
			isa = XCRemoteSwiftPackageReference;
			repositoryURL = "https://github.com/Zendos1/TimerControl";
			requirement = {
				kind = upToNextMajorVersion;
				minimumVersion = 1.0.7;
			};
		};
/* End XCRemoteSwiftPackageReference section */

/* Begin XCSwiftPackageProductDependency section */
		60954E932AE13910000ED23A /* TimerControl */ = {
			isa = XCSwiftPackageProductDependency;
			package = 60954E922AE13910000ED23A /* XCRemoteSwiftPackageReference "TimerControl" */;
			productName = TimerControl;
		};
/* End XCSwiftPackageProductDependency section */
	};
	rootObject = 60954E712AE137CF000ED23A /* Project object */;
}
